
Microsoft Visual Studio Solution File, Format Version 12.00
# Visual Studio Version 17
VisualStudioVersion = 17.4.33110.190
MinimumVisualStudioVersion = 10.0.40219.1
Project("{2150E333-8FDC-42A3-9474-1A3956D46DE8}") = "Services", "Services", "{76640C03-B289-4571-8762-C95E3A888919}"
EndProject
Project("{2150E333-8FDC-42A3-9474-1A3956D46DE8}") = "Catalog", "Catalog", "{C91431E2-3111-43A1-B707-4F4E63EA099A}"
EndProject
Project("{9A19103F-16F7-4668-BE54-9A1E7A4F7556}") = "Catalog.Api", "Services\Catalog\Catalog.Api\Catalog.Api.csproj", "{44A06ED5-A723-4A01-960A-13B3DB932F48}"
EndProject
Project("{E53339B2-1760-4266-BCC7-CA923CBCF16C}") = "docker-compose", "docker-compose.dcproj", "{80A6BBC2-630E-4FCC-9728-7326D1772AA6}"
EndProject
Project("{2150E333-8FDC-42A3-9474-1A3956D46DE8}") = "Basket", "Basket", "{1D2AD84E-D77D-452E-8514-83900E679209}"
EndProject
Project("{9A19103F-16F7-4668-BE54-9A1E7A4F7556}") = "Basket.Api", "Services\Basket\Basket.Api\Basket.Api.csproj", "{724781D4-A73F-4F7B-A664-C7A178388B64}"
EndProject
Project("{2150E333-8FDC-42A3-9474-1A3956D46DE8}") = "Discount", "Discount", "{ACE42138-8642-4EAF-ADA6-886A9A05B60C}"
EndProject
Project("{9A19103F-16F7-4668-BE54-9A1E7A4F7556}") = "Discount.API", "Services\Discount\Discount.API\Discount.API.csproj", "{44724497-3572-4CFD-BD4D-BC7ACB19B075}"
EndProject
Project("{9A19103F-16F7-4668-BE54-9A1E7A4F7556}") = "Discount.Grpc", "Services\Discount\Discount.Grpc\Discount.Grpc.csproj", "{3465D592-03E7-4626-9C83-414794B4E60B}"
EndProject
Global
	GlobalSection(SolutionConfigurationPlatforms) = preSolution
		Debug|Any CPU = Debug|Any CPU
		Release|Any CPU = Release|Any CPU
	EndGlobalSection
	GlobalSection(ProjectConfigurationPlatforms) = postSolution
		{44A06ED5-A723-4A01-960A-13B3DB932F48}.Debug|Any CPU.ActiveCfg = Debug|Any CPU
		{44A06ED5-A723-4A01-960A-13B3DB932F48}.Debug|Any CPU.Build.0 = Debug|Any CPU
		{44A06ED5-A723-4A01-960A-13B3DB932F48}.Release|Any CPU.ActiveCfg = Release|Any CPU
		{44A06ED5-A723-4A01-960A-13B3DB932F48}.Release|Any CPU.Build.0 = Release|Any CPU
		{80A6BBC2-630E-4FCC-9728-7326D1772AA6}.Debug|Any CPU.ActiveCfg = Debug|Any CPU
		{80A6BBC2-630E-4FCC-9728-7326D1772AA6}.Debug|Any CPU.Build.0 = Debug|Any CPU
		{80A6BBC2-630E-4FCC-9728-7326D1772AA6}.Release|Any CPU.ActiveCfg = Release|Any CPU
		{80A6BBC2-630E-4FCC-9728-7326D1772AA6}.Release|Any CPU.Build.0 = Release|Any CPU
		{724781D4-A73F-4F7B-A664-C7A178388B64}.Debug|Any CPU.ActiveCfg = Debug|Any CPU
		{724781D4-A73F-4F7B-A664-C7A178388B64}.Debug|Any CPU.Build.0 = Debug|Any CPU
		{724781D4-A73F-4F7B-A664-C7A178388B64}.Release|Any CPU.ActiveCfg = Release|Any CPU
		{724781D4-A73F-4F7B-A664-C7A178388B64}.Release|Any CPU.Build.0 = Release|Any CPU
		{44724497-3572-4CFD-BD4D-BC7ACB19B075}.Debug|Any CPU.ActiveCfg = Debug|Any CPU
		{44724497-3572-4CFD-BD4D-BC7ACB19B075}.Debug|Any CPU.Build.0 = Debug|Any CPU
		{44724497-3572-4CFD-BD4D-BC7ACB19B075}.Release|Any CPU.ActiveCfg = Release|Any CPU
		{44724497-3572-4CFD-BD4D-BC7ACB19B075}.Release|Any CPU.Build.0 = Release|Any CPU
		{3465D592-03E7-4626-9C83-414794B4E60B}.Debug|Any CPU.ActiveCfg = Debug|Any CPU
		{3465D592-03E7-4626-9C83-414794B4E60B}.Debug|Any CPU.Build.0 = Debug|Any CPU
		{3465D592-03E7-4626-9C83-414794B4E60B}.Release|Any CPU.ActiveCfg = Release|Any CPU
		{3465D592-03E7-4626-9C83-414794B4E60B}.Release|Any CPU.Build.0 = Release|Any CPU
	EndGlobalSection
	GlobalSection(SolutionProperties) = preSolution
		HideSolutionNode = FALSE
	EndGlobalSection
	GlobalSection(NestedProjects) = preSolution
		{C91431E2-3111-43A1-B707-4F4E63EA099A} = {76640C03-B289-4571-8762-C95E3A888919}
		{44A06ED5-A723-4A01-960A-13B3DB932F48} = {C91431E2-3111-43A1-B707-4F4E63EA099A}
		{1D2AD84E-D77D-452E-8514-83900E679209} = {76640C03-B289-4571-8762-C95E3A888919}
		{724781D4-A73F-4F7B-A664-C7A178388B64} = {1D2AD84E-D77D-452E-8514-83900E679209}
		{ACE42138-8642-4EAF-ADA6-886A9A05B60C} = {76640C03-B289-4571-8762-C95E3A888919}
		{44724497-3572-4CFD-BD4D-BC7ACB19B075} = {ACE42138-8642-4EAF-ADA6-886A9A05B60C}
		{3465D592-03E7-4626-9C83-414794B4E60B} = {ACE42138-8642-4EAF-ADA6-886A9A05B60C}
	EndGlobalSection
	GlobalSection(ExtensibilityGlobals) = postSolution
		SolutionGuid = {1A1DC605-ABD1-4053-B539-4A9902D404AD}
	EndGlobalSection
EndGlobal
